
Microsoft Visual Studio Solution File, Format Version 12.00
# Visual Studio Version 17
VisualStudioVersion = 17.5.002.0
MinimumVisualStudioVersion = 10.0.40219.1
Project("{9A19103F-16F7-4668-BE54-9A1E7A4F7556}") = "TwoFactorAuthAPI", "TwoFactorAuthAPI.csproj", "{B0599FF3-8CA9-4C12-B987-FD37DC34956F}"
EndProject
Global
	GlobalSection(SolutionConfigurationPlatforms) = preSolution
		Debug|Any CPU = Debug|Any CPU
		Release|Any CPU = Release|Any CPU
	EndGlobalSection
	GlobalSection(ProjectConfigurationPlatforms) = postSolution
		{B0599FF3-8CA9-4C12-B987-FD37DC34956F}.Debug|Any CPU.ActiveCfg = Debug|Any CPU
		{B0599FF3-8CA9-4C12-B987-FD37DC34956F}.Debug|Any CPU.Build.0 = Debug|Any CPU
		{B0599FF3-8CA9-4C12-B987-FD37DC34956F}.Release|Any CPU.ActiveCfg = Release|Any CPU
		{B0599FF3-8CA9-4C12-B987-FD37DC34956F}.Release|Any CPU.Build.0 = Release|Any CPU
	EndGlobalSection
	GlobalSection(SolutionProperties) = preSolution
		HideSolutionNode = FALSE
	EndGlobalSection
	GlobalSection(ExtensibilityGlobals) = postSolution
		SolutionGuid = {5D0A3E67-68DB-4273-AF0C-68C78012A960}
	EndGlobalSection
EndGlobal
